
Microsoft Visual Studio Solution File, Format Version 12.00
# Visual Studio 14
VisualStudioVersion = 14.0.24720.0
MinimumVisualStudioVersion = 10.0.40219.1
Project("{FAE04EC0-301F-11D3-BF4B-00C04F79EFBC}") = "Amethyst", "Amethyst\Amethyst.csproj", "{15719A35-98E9-434F-9955-B6241201FC1B}"
EndProject
Project("{FAE04EC0-301F-11D3-BF4B-00C04F79EFBC}") = "Amethyst.Tests", "Amethyst.Tests\Amethyst.Tests.csproj", "{7FC10D29-57AF-4361-B6EC-CC73D666A071}"
EndProject
Global
	GlobalSection(SolutionConfigurationPlatforms) = preSolution
		Debug|Any CPU = Debug|Any CPU
		Release|Any CPU = Release|Any CPU
	EndGlobalSection
	GlobalSection(ProjectConfigurationPlatforms) = postSolution
		{15719A35-98E9-434F-9955-B6241201FC1B}.Debug|Any CPU.ActiveCfg = Debug|Any CPU
		{15719A35-98E9-434F-9955-B6241201FC1B}.Debug|Any CPU.Build.0 = Debug|Any CPU
		{15719A35-98E9-434F-9955-B6241201FC1B}.Release|Any CPU.ActiveCfg = Release|Any CPU
		{15719A35-98E9-434F-9955-B6241201FC1B}.Release|Any CPU.Build.0 = Release|Any CPU
		{7FC10D29-57AF-4361-B6EC-CC73D666A071}.Debug|Any CPU.ActiveCfg = Debug|Any CPU
		{7FC10D29-57AF-4361-B6EC-CC73D666A071}.Debug|Any CPU.Build.0 = Debug|Any CPU
		{7FC10D29-57AF-4361-B6EC-CC73D666A071}.Release|Any CPU.ActiveCfg = Release|Any CPU
		{7FC10D29-57AF-4361-B6EC-CC73D666A071}.Release|Any CPU.Build.0 = Release|Any CPU
	EndGlobalSection
	GlobalSection(SolutionProperties) = preSolution
		HideSolutionNode = FALSE
	EndGlobalSection
EndGlobal
